
Microsoft Visual Studio Solution File, Format Version 12.00
# Visual Studio Version 17
VisualStudioVersion = 17.13.35818.85 d17.13
MinimumVisualStudioVersion = 10.0.40219.1
Project("{FAE04EC0-301F-11D3-BF4B-00C04F79EFBC}") = "Connect 4", "Connect 4\Connect 4.csproj", "{2A9176CE-F0B5-4A65-B8F7-C061C25FA69A}"
EndProject
Global
	GlobalSection(SolutionConfigurationPlatforms) = preSolution
		Debug|Any CPU = Debug|Any CPU
		Release|Any CPU = Release|Any CPU
	EndGlobalSection
	GlobalSection(ProjectConfigurationPlatforms) = postSolution
		{2A9176CE-F0B5-4A65-B8F7-C061C25FA69A}.Debug|Any CPU.ActiveCfg = Debug|Any CPU
		{2A9176CE-F0B5-4A65-B8F7-C061C25FA69A}.Debug|Any CPU.Build.0 = Debug|Any CPU
		{2A9176CE-F0B5-4A65-B8F7-C061C25FA69A}.Release|Any CPU.ActiveCfg = Release|Any CPU
		{2A9176CE-F0B5-4A65-B8F7-C061C25FA69A}.Release|Any CPU.Build.0 = Release|Any CPU
	EndGlobalSection
	GlobalSection(SolutionProperties) = preSolution
		HideSolutionNode = FALSE
	EndGlobalSection
	GlobalSection(ExtensibilityGlobals) = postSolution
		SolutionGuid = {383E506D-3024-4ACD-9206-8124F964C348}
	EndGlobalSection
EndGlobal
